// !$*UTF8*$!
{
	archiveVersion = 1;
	classes = {
	};
	objectVersion = 46;
	objects = {

/* Begin PBXBuildFile section */
		26EFF4661DB2AE370066DE6C /* main.m in Sources */ = {isa = PBXBuildFile; fileRef = 26EFF4651DB2AE370066DE6C /* main.m */; };
		26EFF4691DB2AE370066DE6C /* AppDelegate.m in Sources */ = {isa = PBXBuildFile; fileRef = 26EFF4681DB2AE370066DE6C /* AppDelegate.m */; };
		26EFF46C1DB2AE370066DE6C /* ViewController.m in Sources */ = {isa = PBXBuildFile; fileRef = 26EFF46B1DB2AE370066DE6C /* ViewController.m */; };
		26EFF46F1DB2AE370066DE6C /* Main.storyboard in Resources */ = {isa = PBXBuildFile; fileRef = 26EFF46D1DB2AE370066DE6C /* Main.storyboard */; };
		26EFF4711DB2AE370066DE6C /* Assets.xcassets in Resources */ = {isa = PBXBuildFile; fileRef = 26EFF4701DB2AE370066DE6C /* Assets.xcassets */; };
		26EFF4741DB2AE370066DE6C /* LaunchScreen.storyboard in Resources */ = {isa = PBXBuildFile; fileRef = 26EFF4721DB2AE370066DE6C /* LaunchScreen.storyboard */; };
		26EFF4801DB2B5BA0066DE6C /* SingleBPRow.m in Sources */ = {isa = PBXBuildFile; fileRef = 26EFF47F1DB2B5BA0066DE6C /* SingleBPRow.m */; };
		26EFF4831DB2B6C10066DE6C /* libsqlite3.tbd in Frameworks */ = {isa = PBXBuildFile; fileRef = 26EFF4821DB2B6C10066DE6C /* libsqlite3.tbd */; };
/* End PBXBuildFile section */

/* Begin PBXFileReference section */
		26EFF4611DB2AE370066DE6C /* Daily BP.app */ = {isa = PBXFileReference; explicitFileType = wrapper.application; includeInIndex = 0; path = "Daily BP.app"; sourceTree = BUILT_PRODUCTS_DIR; };
		26EFF4651DB2AE370066DE6C /* main.m */ = {isa = PBXFileReference; lastKnownFileType = sourcecode.c.objc; path = main.m; sourceTree = "<group>"; };
		26EFF4671DB2AE370066DE6C /* AppDelegate.h */ = {isa = PBXFileReference; lastKnownFileType = sourcecode.c.h; path = AppDelegate.h; sourceTree = "<group>"; };
		26EFF4681DB2AE370066DE6C /* AppDelegate.m */ = {isa = PBXFileReference; lastKnownFileType = sourcecode.c.objc; path = AppDelegate.m; sourceTree = "<group>"; };
		26EFF46A1DB2AE370066DE6C /* ViewController.h */ = {isa = PBXFileReference; lastKnownFileType = sourcecode.c.h; path = ViewController.h; sourceTree = "<group>"; };
		26EFF46B1DB2AE370066DE6C /* ViewController.m */ = {isa = PBXFileReference; lastKnownFileType = sourcecode.c.objc; path = ViewController.m; sourceTree = "<group>"; };
		26EFF46E1DB2AE370066DE6C /* Base */ = {isa = PBXFileReference; lastKnownFileType = file.storyboard; name = Base; path = Base.lproj/Main.storyboard; sourceTree = "<group>"; };
		26EFF4701DB2AE370066DE6C /* Assets.xcassets */ = {isa = PBXFileReference; lastKnownFileType = folder.assetcatalog; path = Assets.xcassets; sourceTree = "<group>"; };
		26EFF4731DB2AE370066DE6C /* Base */ = {isa = PBXFileReference; lastKnownFileType = file.storyboard; name = Base; path = Base.lproj/LaunchScreen.storyboard; sourceTree = "<group>"; };
		26EFF4751DB2AE370066DE6C /* Info.plist */ = {isa = PBXFileReference; lastKnownFileType = text.plist.xml; path = Info.plist; sourceTree = "<group>"; };
		26EFF47E1DB2B5BA0066DE6C /* SingleBPRow.h */ = {isa = PBXFileReference; fileEncoding = 4; lastKnownFileType = sourcecode.c.h; path = SingleBPRow.h; sourceTree = "<group>"; };
		26EFF47F1DB2B5BA0066DE6C /* SingleBPRow.m */ = {isa = PBXFileReference; fileEncoding = 4; lastKnownFileType = sourcecode.c.objc; path = SingleBPRow.m; sourceTree = "<group>"; };
		26EFF4821DB2B6C10066DE6C /* libsqlite3.tbd */ = {isa = PBXFileReference; lastKnownFileType = "sourcecode.text-based-dylib-definition"; name = libsqlite3.tbd; path = usr/lib/libsqlite3.tbd; sourceTree = SDKROOT; };
/* End PBXFileReference section */

/* Begin PBXFrameworksBuildPhase section */
		26EFF45E1DB2AE370066DE6C /* Frameworks */ = {
			isa = PBXFrameworksBuildPhase;
			buildActionMask = 2147483647;
			files = (
				26EFF4831DB2B6C10066DE6C /* libsqlite3.tbd in Frameworks */,
			);
			runOnlyForDeploymentPostprocessing = 0;
		};
/* End PBXFrameworksBuildPhase section */

/* Begin PBXGroup section */
		26EFF4581DB2AE370066DE6C = {
			isa = PBXGroup;
			children = (
				26EFF4631DB2AE370066DE6C /* Daily BP */,
				26EFF4621DB2AE370066DE6C /* Products */,
				26EFF4811DB2B6C10066DE6C /* Frameworks */,
			);
			sourceTree = "<group>";
		};
		26EFF4621DB2AE370066DE6C /* Products */ = {
			isa = PBXGroup;
			children = (
				26EFF4611DB2AE370066DE6C /* Daily BP.app */,
			);
			name = Products;
			sourceTree = "<group>";
		};
		26EFF4631DB2AE370066DE6C /* Daily BP */ = {
			isa = PBXGroup;
			children = (
				26EFF47D1DB2AE580066DE6C /* viewControllers */,
				26EFF47C1DB2AE4F0066DE6C /* storyBoards */,
				26EFF47B1DB2AE420066DE6C /* specialClasses */,
				26EFF4701DB2AE370066DE6C /* Assets.xcassets */,
				26EFF4751DB2AE370066DE6C /* Info.plist */,
				26EFF4641DB2AE370066DE6C /* Supporting Files */,
			);
			path = "Daily BP";
			sourceTree = "<group>";
		};
		26EFF4641DB2AE370066DE6C /* Supporting Files */ = {
			isa = PBXGroup;
			children = (
				26EFF4651DB2AE370066DE6C /* main.m */,
			);
			name = "Supporting Files";
			sourceTree = "<group>";
		};
		26EFF47B1DB2AE420066DE6C /* specialClasses */ = {
			isa = PBXGroup;
			children = (
				26EFF4671DB2AE370066DE6C /* AppDelegate.h */,
				26EFF4681DB2AE370066DE6C /* AppDelegate.m */,
			);
			name = specialClasses;
			sourceTree = "<group>";
		};
		26EFF47C1DB2AE4F0066DE6C /* storyBoards */ = {
			isa = PBXGroup;
			children = (
				26EFF46D1DB2AE370066DE6C /* Main.storyboard */,
				26EFF4721DB2AE370066DE6C /* LaunchScreen.storyboard */,
			);
			name = storyBoards;
			sourceTree = "<group>";
		};
		26EFF47D1DB2AE580066DE6C /* viewControllers */ = {
			isa = PBXGroup;
			children = (
				26EFF46A1DB2AE370066DE6C /* ViewController.h */,
				26EFF46B1DB2AE370066DE6C /* ViewController.m */,
				26EFF47E1DB2B5BA0066DE6C /* SingleBPRow.h */,
				26EFF47F1DB2B5BA0066DE6C /* SingleBPRow.m */,
			);
			name = viewControllers;
			sourceTree = "<group>";
		};
		26EFF4811DB2B6C10066DE6C /* Frameworks */ = {
			isa = PBXGroup;
			children = (
				26EFF4821DB2B6C10066DE6C /* libsqlite3.tbd */,
			);
			name = Frameworks;
			sourceTree = "<group>";
		};
/* End PBXGroup section */

/* Begin PBXNativeTarget section */
		26EFF4601DB2AE370066DE6C /* Daily BP */ = {
			isa = PBXNativeTarget;
			buildConfigurationList = 26EFF4781DB2AE370066DE6C /* Build configuration list for PBXNativeTarget "Daily BP" */;
			buildPhases = (
				26EFF45D1DB2AE370066DE6C /* Sources */,
				26EFF45E1DB2AE370066DE6C /* Frameworks */,
				26EFF45F1DB2AE370066DE6C /* Resources */,
			);
			buildRules = (
			);
			dependencies = (
			);
			name = "Daily BP";
			productName = "Daily BP";
			productReference = 26EFF4611DB2AE370066DE6C /* Daily BP.app */;
			productType = "com.apple.product-type.application";
		};
/* End PBXNativeTarget section */

/* Begin PBXProject section */
		26EFF4591DB2AE370066DE6C /* Project object */ = {
			isa = PBXProject;
			attributes = {
				LastUpgradeCheck = 0800;
				ORGANIZATIONNAME = Estique;
				TargetAttributes = {
					26EFF4601DB2AE370066DE6C = {
						CreatedOnToolsVersion = 8.0;
						ProvisioningStyle = Automatic;
					};
				};
			};
			buildConfigurationList = 26EFF45C1DB2AE370066DE6C /* Build configuration list for PBXProject "Daily BP" */;
			compatibilityVersion = "Xcode 3.2";
			developmentRegion = English;
			hasScannedForEncodings = 0;
			knownRegions = (
				en,
				Base,
			);
			mainGroup = 26EFF4581DB2AE370066DE6C;
			productRefGroup = 26EFF4621DB2AE370066DE6C /* Products */;
			projectDirPath = "";
			projectRoot = "";
			targets = (
				26EFF4601DB2AE370066DE6C /* Daily BP */,
			);
		};
/* End PBXProject section */

/* Begin PBXResourcesBuildPhase section */
		26EFF45F1DB2AE370066DE6C /* Resources */ = {
			isa = PBXResourcesBuildPhase;
			buildActionMask = 2147483647;
			files = (
				26EFF4741DB2AE370066DE6C /* LaunchScreen.storyboard in Resources */,
				26EFF4711DB2AE370066DE6C /* Assets.xcassets in Resources */,
				26EFF46F1DB2AE370066DE6C /* Main.storyboard in Resources */,
			);
			runOnlyForDeploymentPostprocessing = 0;
		};
/* End PBXResourcesBuildPhase section */

/* Begin PBXSourcesBuildPhase section */
		26EFF45D1DB2AE370066DE6C /* Sources */ = {
			isa = PBXSourcesBuildPhase;
			buildActionMask = 2147483647;
			files = (
				26EFF4801DB2B5BA0066DE6C /* SingleBPRow.m in Sources */,
				26EFF46C1DB2AE370066DE6C /* ViewController.m in Sources */,
				26EFF4691DB2AE370066DE6C /* AppDelegate.m in Sources */,
				26EFF4661DB2AE370066DE6C /* main.m in Sources */,
			);
			runOnlyForDeploymentPostprocessing = 0;
		};
/* End PBXSourcesBuildPhase section */

/* Begin PBXVariantGroup section */
		26EFF46D1DB2AE370066DE6C /* Main.storyboard */ = {
			isa = PBXVariantGroup;
			children = (
				26EFF46E1DB2AE370066DE6C /* Base */,
			);
			name = Main.storyboard;
			sourceTree = "<group>";
		};
		26EFF4721DB2AE370066DE6C /* LaunchScreen.storyboard */ = {
			isa = PBXVariantGroup;
			children = (
				26EFF4731DB2AE370066DE6C /* Base */,
			);
			name = LaunchScreen.storyboard;
			sourceTree = "<group>";
		};
/* End PBXVariantGroup section */

/* Begin XCBuildConfiguration section */
		26EFF4761DB2AE370066DE6C /* Debug */ = {
			isa = XCBuildConfiguration;
			buildSettings = {
				ALWAYS_SEARCH_USER_PATHS = NO;
				CLANG_ANALYZER_NONNULL = YES;
				CLANG_CXX_LANGUAGE_STANDARD = "gnu++0x";
				CLANG_CXX_LIBRARY = "libc++";
				CLANG_ENABLE_MODULES = YES;
				CLANG_ENABLE_OBJC_ARC = YES;
				CLANG_WARN_BOOL_CONVERSION = YES;
				CLANG_WARN_CONSTANT_CONVERSION = YES;
				CLANG_WARN_DIRECT_OBJC_ISA_USAGE = YES_ERROR;
				CLANG_WARN_DOCUMENTATION_COMMENTS = YES;
				CLANG_WARN_EMPTY_BODY = YES;
				CLANG_WARN_ENUM_CONVERSION = YES;
				CLANG_WARN_INT_CONVERSION = YES;
				CLANG_WARN_OBJC_ROOT_CLASS = YES_ERROR;
				CLANG_WARN_UNREACHABLE_CODE = YES;
				CLANG_WARN__DUPLICATE_METHOD_MATCH = YES;
				"CODE_SIGN_IDENTITY[sdk=iphoneos*]" = "iPhone Developer";
				COPY_PHASE_STRIP = NO;
				DEBUG_INFORMATION_FORMAT = dwarf;
				ENABLE_STRICT_OBJC_MSGSEND = YES;
				ENABLE_TESTABILITY = YES;
				GCC_C_LANGUAGE_STANDARD = gnu99;
				GCC_DYNAMIC_NO_PIC = NO;
				GCC_NO_COMMON_BLOCKS = YES;
				GCC_OPTIMIZATION_LEVEL = 0;
				GCC_PREPROCESSOR_DEFINITIONS = (
					"DEBUG=1",
					"$(inherited)",
				);
				GCC_WARN_64_TO_32_BIT_CONVERSION = YES;
				GCC_WARN_ABOUT_RETURN_TYPE = YES_ERROR;
				GCC_WARN_UNDECLARED_SELECTOR = YES;
				GCC_WARN_UNINITIALIZED_AUTOS = YES_AGGRESSIVE;
				GCC_WARN_UNUSED_FUNCTION = YES;
				GCC_WARN_UNUSED_VARIABLE = YES;
				IPHONEOS_DEPLOYMENT_TARGET = 10.0;
				MTL_ENABLE_DEBUG_INFO = YES;
				ONLY_ACTIVE_ARCH = YES;
				SDKROOT = iphoneos;
			};
			name = Debug;
		};
		26EFF4771DB2AE370066DE6C /* Release */ = {
			isa = XCBuildConfiguration;
			buildSettings = {
				ALWAYS_SEARCH_USER_PATHS = NO;
				CLANG_ANALYZER_NONNULL = YES;
				CLANG_CXX_LANGUAGE_STANDARD = "gnu++0x";
				CLANG_CXX_LIBRARY = "libc++";
				CLANG_ENABLE_MODULES = YES;
				CLANG_ENABLE_OBJC_ARC = YES;
				CLANG_WARN_BOOL_CONVERSION = YES;
				CLANG_WARN_CONSTANT_CONVERSION = YES;
				CLANG_WARN_DIRECT_OBJC_ISA_USAGE = YES_ERROR;
				CLANG_WARN_DOCUMENTATION_COMMENTS = YES;
				CLANG_WARN_EMPTY_BODY = YES;
				CLANG_WARN_ENUM_CONVERSION = YES;
				CLANG_WARN_INT_CONVERSION = YES;
				CLANG_WARN_OBJC_ROOT_CLASS = YES_ERROR;
				CLANG_WARN_UNREACHABLE_CODE = YES;
				CLANG_WARN__DUPLICATE_METHOD_MATCH = YES;
				"CODE_SIGN_IDENTITY[sdk=iphoneos*]" = "iPhone Developer";
				COPY_PHASE_STRIP = NO;
				DEBUG_INFORMATION_FORMAT = "dwarf-with-dsym";
				ENABLE_NS_ASSERTIONS = NO;
				ENABLE_STRICT_OBJC_MSGSEND = YES;
				GCC_C_LANGUAGE_STANDARD = gnu99;
				GCC_NO_COMMON_BLOCKS = YES;
				GCC_WARN_64_TO_32_BIT_CONVERSION = YES;
				GCC_WARN_ABOUT_RETURN_TYPE = YES_ERROR;
				GCC_WARN_UNDECLARED_SELECTOR = YES;
				GCC_WARN_UNINITIALIZED_AUTOS = YES_AGGRESSIVE;
				GCC_WARN_UNUSED_FUNCTION = YES;
				GCC_WARN_UNUSED_VARIABLE = YES;
				IPHONEOS_DEPLOYMENT_TARGET = 10.0;
				MTL_ENABLE_DEBUG_INFO = NO;
				SDKROOT = iphoneos;
				VALIDATE_PRODUCT = YES;
			};
			name = Release;
		};
		26EFF4791DB2AE370066DE6C /* Debug */ = {
			isa = XCBuildConfiguration;
			buildSettings = {
				ASSETCATALOG_COMPILER_APPICON_NAME = AppIcon;
				INFOPLIST_FILE = "Daily BP/Info.plist";
				LD_RUNPATH_SEARCH_PATHS = "$(inherited) @executable_path/Frameworks";
				PRODUCT_BUNDLE_IDENTIFIER = "com.earashel.Daily-BP";
				PRODUCT_NAME = "$(TARGET_NAME)";
			};
			name = Debug;
		};
		26EFF47A1DB2AE370066DE6C /* Release */ = {
			isa = XCBuildConfiguration;
			buildSettings = {
				ASSETCATALOG_COMPILER_APPICON_NAME = AppIcon;
				INFOPLIST_FILE = "Daily BP/Info.plist";
				LD_RUNPATH_SEARCH_PATHS = "$(inherited) @executable_path/Frameworks";
				PRODUCT_BUNDLE_IDENTIFIER = "com.earashel.Daily-BP";
				PRODUCT_NAME = "$(TARGET_NAME)";
			};
			name = Release;
		};
/* End XCBuildConfiguration section */

/* Begin XCConfigurationList section */
		26EFF45C1DB2AE370066DE6C /* Build configuration list for PBXProject "Daily BP" */ = {
			isa = XCConfigurationList;
			buildConfigurations = (
				26EFF4761DB2AE370066DE6C /* Debug */,
				26EFF4771DB2AE370066DE6C /* Release */,
			);
			defaultConfigurationIsVisible = 0;
			defaultConfigurationName = Release;
		};
		26EFF4781DB2AE370066DE6C /* Build configuration list for PBXNativeTarget "Daily BP" */ = {
			isa = XCConfigurationList;
			buildConfigurations = (
				26EFF4791DB2AE370066DE6C /* Debug */,
				26EFF47A1DB2AE370066DE6C /* Release */,
			);
			defaultConfigurationIsVisible = 0;
		};
/* End XCConfigurationList section */
	};
	rootObject = 26EFF4591DB2AE370066DE6C /* Project object */;
}
